PODS:
  - Flutter (1.0.0)
  - flutter_alibc (0.0.1):
    - Flutter

DEPENDENCIES:
  - Flutter (from `.symlinks/flutter/ios`)
  - flutter_alibc (from `.symlinks/plugins/flutter_alibc/ios`)

EXTERNAL SOURCES:
  Flutter:
    :path: ".symlinks/flutter/ios"
  flutter_alibc:
    :path: ".symlinks/plugins/flutter_alibc/ios"

SPEC CHECKSUMS:
  Flutter: 58dd7d1b27887414a370fcccb9e645c08ffd7a6a
  flutter_alibc: cec1f1fa4e3520d82bd4df52cc2c4424835222ca

PODFILE CHECKSUM: 7fb83752f59ead6285236625b82473f90b1cb932

COCOAPODS: 1.6.1
