PODS:
  - AliAuthSDK (1.1.0.41-bc)
  - AlibcTradeSDK (4.0.1.6)
  - AliLinkPartnerSDK (4.0.0.24)
  - BCUserTrack (5.2.0.18-appkeys):
    - UTDID
  - Flutter (1.0.0)
  - flutter_alibc (0.0.1):
    - AliAuthSDK (= 1.1.0.41-bc)
    - AlibcTradeSDK (= 4.0.1.6)
    - AliLinkPartnerSDK (= 4.0.0.24)
    - BCUserTrack (= 5.2.0.18-appkeys)
    - Flutter
    - mtopSDK (= 3.0.0.3-BC)
    - securityGuard (= 5.4.191)
    - UTDID (= 1.1.0.16)
    - WindVane (= 8.5.0.46-bc11)
  - mtopSDK (3.0.0.3-BC)
  - securityGuard (5.4.191)
  - UTDID (1.1.0.16)
  - WindVane (8.5.0.46-bc11):
    - WindVane/Basic (= 8.5.0.46-bc11)
    - WindVane/Core (= 8.5.0.46-bc11)
    - WindVane/WindVane (= 8.5.0.46-bc11)
  - WindVane/Basic (8.5.0.46-bc11)
  - WindVane/Core (8.5.0.46-bc11)
  - WindVane/WindVane (8.5.0.46-bc11)

DEPENDENCIES:
  - Flutter (from `.symlinks/flutter/ios`)
  - flutter_alibc (from `.symlinks/plugins/flutter_alibc/ios`)

SPEC REPOS:
  http://repo.baichuan-ios.taobao.com/baichuanSDK/AliBCSpecs.git:
    - AliAuthSDK
    - AlibcTradeSDK
    - AliLinkPartnerSDK
    - BCUserTrack
    - mtopSDK
    - securityGuard
    - UTDID
    - WindVane

EXTERNAL SOURCES:
  Flutter:
    :path: ".symlinks/flutter/ios"
  flutter_alibc:
    :path: ".symlinks/plugins/flutter_alibc/ios"

SPEC CHECKSUMS:
  AliAuthSDK: 7018e8f3c8be3382e60f69d3b517c7de34c351e0
  AlibcTradeSDK: 9a3e7af6cd648dd1f85684e82694c213fe48dad2
  AliLinkPartnerSDK: c5778cdfdcee7bfe342238d39a77766184d36a46
  BCUserTrack: 49251c6fb7c65cbbc221a492bbd3f3e142f1fb0f
  Flutter: 0e3d915762c693b495b44d77113d4970485de6ec
  flutter_alibc: 0e2a29e7c1de759672d87a260051240d209964b9
  mtopSDK: d6fdf81730342a69be920b576541c7bb81a683d5
  securityGuard: 9c04c44a3b663f36e15064042abfc107fa07133c
  UTDID: c28855683c5ea2e77e597cb14609328f7d470d6e
  WindVane: 56e096abae757397ccd3accb66a959f3ffcbf949

PODFILE CHECKSUM: f65a7534e3030cd63dfdaf5ac173943dc695fbe8

COCOAPODS: 1.9.1
